
Microsoft Visual Studio Solution File, Format Version 12.00
# Visual Studio Version 16
VisualStudioVersion = 16.0.29519.181
MinimumVisualStudioVersion = 10.0.40219.1
Project("{888888A0-9F3D-457C-B088-3A5042F75D52}") = "vectors_test", "vectors_test.pyproj", "{E7B639F4-0430-4112-A9CE-DE963E936A55}"
EndProject
Global
	GlobalSection(SolutionConfigurationPlatforms) = preSolution
		Debug|Any CPU = Debug|Any CPU
		Release|Any CPU = Release|Any CPU
	EndGlobalSection
	GlobalSection(ProjectConfigurationPlatforms) = postSolution
		{E7B639F4-0430-4112-A9CE-DE963E936A55}.Debug|Any CPU.ActiveCfg = Debug|Any CPU
		{E7B639F4-0430-4112-A9CE-DE963E936A55}.Release|Any CPU.ActiveCfg = Release|Any CPU
	EndGlobalSection
	GlobalSection(SolutionProperties) = preSolution
		HideSolutionNode = FALSE
	EndGlobalSection
	GlobalSection(ExtensibilityGlobals) = postSolution
		SolutionGuid = {E64F3FF5-CB11-48EB-95B7-BA6195CFC94C}
	EndGlobalSection
EndGlobal
